
Microsoft Visual Studio Solution File, Format Version 12.00
# Visual Studio 15
VisualStudioVersion = 15.0.27703.2035
MinimumVisualStudioVersion = 10.0.40219.1
Project("{FAE04EC0-301F-11D3-BF4B-00C04F79EFBC}") = "ISO20038", "ISO20038\ISO20038.csproj", "{F299D8FA-9191-49BA-B752-E33A82DFEFBD}"
EndProject
Project("{FAE04EC0-301F-11D3-BF4B-00C04F79EFBC}") = "crypto.Net45", "Crypto\crypto.Net45.csproj", "{45473847-8AF8-4BAF-B768-442C6875B8CF}"
EndProject
Project("{FAE04EC0-301F-11D3-BF4B-00C04F79EFBC}") = "UnitTests", "Crypto\test\UnitTests.csproj", "{D4EB669D-7C88-48C0-A480-C5CC73A7369B}"
EndProject
Global
	GlobalSection(SolutionConfigurationPlatforms) = preSolution
		Debug|Any CPU = Debug|Any CPU
		Release|Any CPU = Release|Any CPU
	EndGlobalSection
	GlobalSection(ProjectConfigurationPlatforms) = postSolution
		{F299D8FA-9191-49BA-B752-E33A82DFEFBD}.Debug|Any CPU.ActiveCfg = Debug|Any CPU
		{F299D8FA-9191-49BA-B752-E33A82DFEFBD}.Debug|Any CPU.Build.0 = Debug|Any CPU
		{F299D8FA-9191-49BA-B752-E33A82DFEFBD}.Release|Any CPU.ActiveCfg = Release|Any CPU
		{F299D8FA-9191-49BA-B752-E33A82DFEFBD}.Release|Any CPU.Build.0 = Release|Any CPU
		{45473847-8AF8-4BAF-B768-442C6875B8CF}.Debug|Any CPU.ActiveCfg = Debug|Any CPU
		{45473847-8AF8-4BAF-B768-442C6875B8CF}.Debug|Any CPU.Build.0 = Debug|Any CPU
		{45473847-8AF8-4BAF-B768-442C6875B8CF}.Release|Any CPU.ActiveCfg = Release|Any CPU
		{45473847-8AF8-4BAF-B768-442C6875B8CF}.Release|Any CPU.Build.0 = Release|Any CPU
		{D4EB669D-7C88-48C0-A480-C5CC73A7369B}.Debug|Any CPU.ActiveCfg = Debug|Any CPU
		{D4EB669D-7C88-48C0-A480-C5CC73A7369B}.Debug|Any CPU.Build.0 = Debug|Any CPU
		{D4EB669D-7C88-48C0-A480-C5CC73A7369B}.Release|Any CPU.ActiveCfg = Release|Any CPU
		{D4EB669D-7C88-48C0-A480-C5CC73A7369B}.Release|Any CPU.Build.0 = Release|Any CPU
	EndGlobalSection
	GlobalSection(SolutionProperties) = preSolution
		HideSolutionNode = FALSE
	EndGlobalSection
	GlobalSection(ExtensibilityGlobals) = postSolution
		SolutionGuid = {0191E5BB-DE25-430F-993A-7AB75B00E467}
	EndGlobalSection
EndGlobal
